
Microsoft Visual Studio Solution File, Format Version 11.00
# Visual Studio 2010
Project("{FAE04EC0-301F-11D3-BF4B-00C04F79EFBC}") = "Protobuf.FailingTest", "Protobuf.FailingTest\Protobuf.FailingTest.csproj", "{DEC759FA-592B-425A-8C37-EC4AC2F82F91}"
EndProject
Global
	GlobalSection(SolutionConfigurationPlatforms) = preSolution
		Debug|x86 = Debug|x86
		Release|x86 = Release|x86
	EndGlobalSection
	GlobalSection(ProjectConfigurationPlatforms) = postSolution
		{DEC759FA-592B-425A-8C37-EC4AC2F82F91}.Debug|x86.ActiveCfg = Debug|x86
		{DEC759FA-592B-425A-8C37-EC4AC2F82F91}.Debug|x86.Build.0 = Debug|x86
		{DEC759FA-592B-425A-8C37-EC4AC2F82F91}.Release|x86.ActiveCfg = Release|x86
		{DEC759FA-592B-425A-8C37-EC4AC2F82F91}.Release|x86.Build.0 = Release|x86
	EndGlobalSection
	GlobalSection(SolutionProperties) = preSolution
		HideSolutionNode = FALSE
	EndGlobalSection
EndGlobal
